
Microsoft Visual Studio Solution File, Format Version 12.00
# Visual Studio Version 17
VisualStudioVersion = 17.9.34728.123
MinimumVisualStudioVersion = 10.0.40219.1
Project("{FAE04EC0-301F-11D3-BF4B-00C04F79EFBC}") = "RentAHusband", "RentAHusband\RentAHusband.csproj", "{482DA70F-D617-47A7-8112-FC42C5B2ECD7}"
EndProject
Global
	GlobalSection(SolutionConfigurationPlatforms) = preSolution
		Debug|Any CPU = Debug|Any CPU
		Release|Any CPU = Release|Any CPU
	EndGlobalSection
	GlobalSection(ProjectConfigurationPlatforms) = postSolution
		{482DA70F-D617-47A7-8112-FC42C5B2ECD7}.Debug|Any CPU.ActiveCfg = Debug|Any CPU
		{482DA70F-D617-47A7-8112-FC42C5B2ECD7}.Debug|Any CPU.Build.0 = Debug|Any CPU
		{482DA70F-D617-47A7-8112-FC42C5B2ECD7}.Release|Any CPU.ActiveCfg = Release|Any CPU
		{482DA70F-D617-47A7-8112-FC42C5B2ECD7}.Release|Any CPU.Build.0 = Release|Any CPU
	EndGlobalSection
	GlobalSection(SolutionProperties) = preSolution
		HideSolutionNode = FALSE
	EndGlobalSection
	GlobalSection(ExtensibilityGlobals) = postSolution
		SolutionGuid = {630E078A-B4D7-4FC3-8C72-9FD9CD58F484}
	EndGlobalSection
EndGlobal
